
Microsoft Visual Studio Solution File, Format Version 12.00
# Visual Studio Version 17
VisualStudioVersion = 17.10.35122.118
MinimumVisualStudioVersion = 10.0.40219.1
Project("{FAE04EC0-301F-11D3-BF4B-00C04F79EFBC}") = "DataGridDynamicTest", "DataGridDynamicTest.csproj", "{B49CD950-3E68-4D5A-AA50-C8CA9F05F4F1}"
EndProject
Global
	GlobalSection(SolutionConfigurationPlatforms) = preSolution
		Debug|Any CPU = Debug|Any CPU
		Release|Any CPU = Release|Any CPU
	EndGlobalSection
	GlobalSection(ProjectConfigurationPlatforms) = postSolution
		{B49CD950-3E68-4D5A-AA50-C8CA9F05F4F1}.Debug|Any CPU.ActiveCfg = Debug|Any CPU
		{B49CD950-3E68-4D5A-AA50-C8CA9F05F4F1}.Debug|Any CPU.Build.0 = Debug|Any CPU
		{B49CD950-3E68-4D5A-AA50-C8CA9F05F4F1}.Release|Any CPU.ActiveCfg = Release|Any CPU
		{B49CD950-3E68-4D5A-AA50-C8CA9F05F4F1}.Release|Any CPU.Build.0 = Release|Any CPU
	EndGlobalSection
	GlobalSection(SolutionProperties) = preSolution
		HideSolutionNode = FALSE
	EndGlobalSection
	GlobalSection(ExtensibilityGlobals) = postSolution
		SolutionGuid = {A63DF3F8-A1D4-4821-AE0F-E7C3F3D5CCCE}
	EndGlobalSection
EndGlobal
